// !$*UTF8*$!
{
	archiveVersion = 1;
	classes = {
	};
	objectVersion = 50;
	objects = {

/* Begin PBXBuildFile section */
		CB71276C26051FB700FFE98F /* main.swift in Sources */ = {isa = PBXBuildFile; fileRef = CB71276B26051FB700FFE98F /* main.swift */; };
		CBCCA33C260A1D17008C7EFD /* main.swift in Sources */ = {isa = PBXBuildFile; fileRef = CBCCA33B260A1D17008C7EFD /* main.swift */; };
		CBCCA343260A1D80008C7EFD /* SharedFunctions.swift in Sources */ = {isa = PBXBuildFile; fileRef = CBCCA342260A1D80008C7EFD /* SharedFunctions.swift */; };
		CBCCA346260A1DDA008C7EFD /* SharedFunctions.swift in Sources */ = {isa = PBXBuildFile; fileRef = CBCCA342260A1D80008C7EFD /* SharedFunctions.swift */; };
/* End PBXBuildFile section */

/* Begin PBXCopyFilesBuildPhase section */
		CB71276626051FB700FFE98F /* CopyFiles */ = {
			isa = PBXCopyFilesBuildPhase;
			buildActionMask = 2147483647;
			dstPath = /usr/share/man/man1/;
			dstSubfolderSpec = 0;
			files = (
			);
			runOnlyForDeploymentPostprocessing = 1;
		};
		CBCCA337260A1D17008C7EFD /* CopyFiles */ = {
			isa = PBXCopyFilesBuildPhase;
			buildActionMask = 2147483647;
			dstPath = /usr/share/man/man1/;
			dstSubfolderSpec = 0;
			files = (
			);
			runOnlyForDeploymentPostprocessing = 1;
		};
/* End PBXCopyFilesBuildPhase section */

/* Begin PBXFileReference section */
		CB71276826051FB700FFE98F /* Bubble Sort Day 11 Month 2 */ = {isa = PBXFileReference; explicitFileType = "compiled.mach-o.executable"; includeInIndex = 0; path = "Bubble Sort Day 11 Month 2"; sourceTree = BUILT_PRODUCTS_DIR; };
		CB71276B26051FB700FFE98F /* main.swift */ = {isa = PBXFileReference; lastKnownFileType = sourcecode.swift; path = main.swift; sourceTree = "<group>"; };
		CBCCA339260A1D17008C7EFD /* binarySearchAlogrithm */ = {isa = PBXFileReference; explicitFileType = "compiled.mach-o.executable"; includeInIndex = 0; path = binarySearchAlogrithm; sourceTree = BUILT_PRODUCTS_DIR; };
		CBCCA33B260A1D17008C7EFD /* main.swift */ = {isa = PBXFileReference; lastKnownFileType = sourcecode.swift; path = main.swift; sourceTree = "<group>"; };
		CBCCA342260A1D80008C7EFD /* SharedFunctions.swift */ = {isa = PBXFileReference; lastKnownFileType = sourcecode.swift; path = SharedFunctions.swift; sourceTree = "<group>"; };
/* End PBXFileReference section */

/* Begin PBXFrameworksBuildPhase section */
		CB71276526051FB700FFE98F /* Frameworks */ = {
			isa = PBXFrameworksBuildPhase;
			buildActionMask = 2147483647;
			files = (
			);
			runOnlyForDeploymentPostprocessing = 0;
		};
		CBCCA336260A1D17008C7EFD /* Frameworks */ = {
			isa = PBXFrameworksBuildPhase;
			buildActionMask = 2147483647;
			files = (
			);
			runOnlyForDeploymentPostprocessing = 0;
		};
/* End PBXFrameworksBuildPhase section */

/* Begin PBXGroup section */
		CB71275F26051FB600FFE98F = {
			isa = PBXGroup;
			children = (
				CBCCA342260A1D80008C7EFD /* SharedFunctions.swift */,
				CB71276A26051FB700FFE98F /* Bubble Sort Day 11 Month 2 */,
				CBCCA33A260A1D17008C7EFD /* binarySearchAlogrithm */,
				CB71276926051FB700FFE98F /* Products */,
			);
			sourceTree = "<group>";
		};
		CB71276926051FB700FFE98F /* Products */ = {
			isa = PBXGroup;
			children = (
				CB71276826051FB700FFE98F /* Bubble Sort Day 11 Month 2 */,
				CBCCA339260A1D17008C7EFD /* binarySearchAlogrithm */,
			);
			name = Products;
			sourceTree = "<group>";
		};
		CB71276A26051FB700FFE98F /* Bubble Sort Day 11 Month 2 */ = {
			isa = PBXGroup;
			children = (
				CB71276B26051FB700FFE98F /* main.swift */,
			);
			path = "Bubble Sort Day 11 Month 2";
			sourceTree = "<group>";
		};
		CBCCA33A260A1D17008C7EFD /* binarySearchAlogrithm */ = {
			isa = PBXGroup;
			children = (
				CBCCA33B260A1D17008C7EFD /* main.swift */,
			);
			path = binarySearchAlogrithm;
			sourceTree = "<group>";
		};
/* End PBXGroup section */

/* Begin PBXNativeTarget section */
		CB71276726051FB700FFE98F /* Bubble Sort Day 11 Month 2 */ = {
			isa = PBXNativeTarget;
			buildConfigurationList = CB71276F26051FB700FFE98F /* Build configuration list for PBXNativeTarget "Bubble Sort Day 11 Month 2" */;
			buildPhases = (
				CB71276426051FB700FFE98F /* Sources */,
				CB71276526051FB700FFE98F /* Frameworks */,
				CB71276626051FB700FFE98F /* CopyFiles */,
			);
			buildRules = (
			);
			dependencies = (
			);
			name = "Bubble Sort Day 11 Month 2";
			productName = "Bubble Sort Day 11 Month 2";
			productReference = CB71276826051FB700FFE98F /* Bubble Sort Day 11 Month 2 */;
			productType = "com.apple.product-type.tool";
		};
		CBCCA338260A1D17008C7EFD /* binarySearchAlogrithm */ = {
			isa = PBXNativeTarget;
			buildConfigurationList = CBCCA33F260A1D17008C7EFD /* Build configuration list for PBXNativeTarget "binarySearchAlogrithm" */;
			buildPhases = (
				CBCCA335260A1D17008C7EFD /* Sources */,
				CBCCA336260A1D17008C7EFD /* Frameworks */,
				CBCCA337260A1D17008C7EFD /* CopyFiles */,
			);
			buildRules = (
			);
			dependencies = (
			);
			name = binarySearchAlogrithm;
			productName = binarySearchAlogrithm;
			productReference = CBCCA339260A1D17008C7EFD /* binarySearchAlogrithm */;
			productType = "com.apple.product-type.tool";
		};
/* End PBXNativeTarget section */

/* Begin PBXProject section */
		CB71276026051FB600FFE98F /* Project object */ = {
			isa = PBXProject;
			attributes = {
				LastSwiftUpdateCheck = 1240;
				LastUpgradeCheck = 1240;
				TargetAttributes = {
					CB71276726051FB700FFE98F = {
						CreatedOnToolsVersion = 12.4;
					};
					CBCCA338260A1D17008C7EFD = {
						CreatedOnToolsVersion = 12.4;
					};
				};
			};
			buildConfigurationList = CB71276326051FB600FFE98F /* Build configuration list for PBXProject "Bubble Sort Day 11 Month 2" */;
			compatibilityVersion = "Xcode 9.3";
			developmentRegion = en;
			hasScannedForEncodings = 0;
			knownRegions = (
				en,
				Base,
			);
			mainGroup = CB71275F26051FB600FFE98F;
			productRefGroup = CB71276926051FB700FFE98F /* Products */;
			projectDirPath = "";
			projectRoot = "";
			targets = (
				CB71276726051FB700FFE98F /* Bubble Sort Day 11 Month 2 */,
				CBCCA338260A1D17008C7EFD /* binarySearchAlogrithm */,
			);
		};
/* End PBXProject section */

/* Begin PBXSourcesBuildPhase section */
		CB71276426051FB700FFE98F /* Sources */ = {
			isa = PBXSourcesBuildPhase;
			buildActionMask = 2147483647;
			files = (
				CBCCA343260A1D80008C7EFD /* SharedFunctions.swift in Sources */,
				CB71276C26051FB700FFE98F /* main.swift in Sources */,
			);
			runOnlyForDeploymentPostprocessing = 0;
		};
		CBCCA335260A1D17008C7EFD /* Sources */ = {
			isa = PBXSourcesBuildPhase;
			buildActionMask = 2147483647;
			files = (
				CBCCA346260A1DDA008C7EFD /* SharedFunctions.swift in Sources */,
				CBCCA33C260A1D17008C7EFD /* main.swift in Sources */,
			);
			runOnlyForDeploymentPostprocessing = 0;
		};
/* End PBXSourcesBuildPhase section */

/* Begin XCBuildConfiguration section */
		CB71276D26051FB700FFE98F /* Debug */ = {
			isa = XCBuildConfiguration;
			buildSettings = {
				ALWAYS_SEARCH_USER_PATHS = NO;
				CLANG_ANALYZER_NONNULL = YES;
				CLANG_ANALYZER_NUMBER_OBJECT_CONVERSION = YES_AGGRESSIVE;
				CLANG_CXX_LANGUAGE_STANDARD = "gnu++14";
				CLANG_CXX_LIBRARY = "libc++";
				CLANG_ENABLE_MODULES = YES;
				CLANG_ENABLE_OBJC_ARC = YES;
				CLANG_ENABLE_OBJC_WEAK = YES;
				CLANG_WARN_BLOCK_CAPTURE_AUTORELEASING = YES;
				CLANG_WARN_BOOL_CONVERSION = YES;
				CLANG_WARN_COMMA = YES;
				CLANG_WARN_CONSTANT_CONVERSION = YES;
				CLANG_WARN_DEPRECATED_OBJC_IMPLEMENTATIONS = YES;
				CLANG_WARN_DIRECT_OBJC_ISA_USAGE = YES_ERROR;
				CLANG_WARN_DOCUMENTATION_COMMENTS = YES;
				CLANG_WARN_EMPTY_BODY = YES;
				CLANG_WARN_ENUM_CONVERSION = YES;
				CLANG_WARN_INFINITE_RECURSION = YES;
				CLANG_WARN_INT_CONVERSION = YES;
				CLANG_WARN_NON_LITERAL_NULL_CONVERSION = YES;
				CLANG_WARN_OBJC_IMPLICIT_RETAIN_SELF = YES;
				CLANG_WARN_OBJC_LITERAL_CONVERSION = YES;
				CLANG_WARN_OBJC_ROOT_CLASS = YES_ERROR;
				CLANG_WARN_QUOTED_INCLUDE_IN_FRAMEWORK_HEADER = YES;
				CLANG_WARN_RANGE_LOOP_ANALYSIS = YES;
				CLANG_WARN_STRICT_PROTOTYPES = YES;
				CLANG_WARN_SUSPICIOUS_MOVE = YES;
				CLANG_WARN_UNGUARDED_AVAILABILITY = YES_AGGRESSIVE;
				CLANG_WARN_UNREACHABLE_CODE = YES;
				CLANG_WARN__DUPLICATE_METHOD_MATCH = YES;
				COPY_PHASE_STRIP = NO;
				DEBUG_INFORMATION_FORMAT = dwarf;
				ENABLE_STRICT_OBJC_MSGSEND = YES;
				ENABLE_TESTABILITY = YES;
				GCC_C_LANGUAGE_STANDARD = gnu11;
				GCC_DYNAMIC_NO_PIC = NO;
				GCC_NO_COMMON_BLOCKS = YES;
				GCC_OPTIMIZATION_LEVEL = 0;
				GCC_PREPROCESSOR_DEFINITIONS = (
					"DEBUG=1",
					"$(inherited)",
				);
				GCC_WARN_64_TO_32_BIT_CONVERSION = YES;
				GCC_WARN_ABOUT_RETURN_TYPE = YES_ERROR;
				GCC_WARN_UNDECLARED_SELECTOR = YES;
				GCC_WARN_UNINITIALIZED_AUTOS = YES_AGGRESSIVE;
				GCC_WARN_UNUSED_FUNCTION = YES;
				GCC_WARN_UNUSED_VARIABLE = YES;
				MACOSX_DEPLOYMENT_TARGET = 10.15;
				MTL_ENABLE_DEBUG_INFO = INCLUDE_SOURCE;
				MTL_FAST_MATH = YES;
				ONLY_ACTIVE_ARCH = YES;
				SDKROOT = macosx;
				SWIFT_ACTIVE_COMPILATION_CONDITIONS = DEBUG;
				SWIFT_OPTIMIZATION_LEVEL = "-Onone";
			};
			name = Debug;
		};
		CB71276E26051FB700FFE98F /* Release */ = {
			isa = XCBuildConfiguration;
			buildSettings = {
				ALWAYS_SEARCH_USER_PATHS = NO;
				CLANG_ANALYZER_NONNULL = YES;
				CLANG_ANALYZER_NUMBER_OBJECT_CONVERSION = YES_AGGRESSIVE;
				CLANG_CXX_LANGUAGE_STANDARD = "gnu++14";
				CLANG_CXX_LIBRARY = "libc++";
				CLANG_ENABLE_MODULES = YES;
				CLANG_ENABLE_OBJC_ARC = YES;
				CLANG_ENABLE_OBJC_WEAK = YES;
				CLANG_WARN_BLOCK_CAPTURE_AUTORELEASING = YES;
				CLANG_WARN_BOOL_CONVERSION = YES;
				CLANG_WARN_COMMA = YES;
				CLANG_WARN_CONSTANT_CONVERSION = YES;
				CLANG_WARN_DEPRECATED_OBJC_IMPLEMENTATIONS = YES;
				CLANG_WARN_DIRECT_OBJC_ISA_USAGE = YES_ERROR;
				CLANG_WARN_DOCUMENTATION_COMMENTS = YES;
				CLANG_WARN_EMPTY_BODY = YES;
				CLANG_WARN_ENUM_CONVERSION = YES;
				CLANG_WARN_INFINITE_RECURSION = YES;
				CLANG_WARN_INT_CONVERSION = YES;
				CLANG_WARN_NON_LITERAL_NULL_CONVERSION = YES;
				CLANG_WARN_OBJC_IMPLICIT_RETAIN_SELF = YES;
				CLANG_WARN_OBJC_LITERAL_CONVERSION = YES;
				CLANG_WARN_OBJC_ROOT_CLASS = YES_ERROR;
				CLANG_WARN_QUOTED_INCLUDE_IN_FRAMEWORK_HEADER = YES;
				CLANG_WARN_RANGE_LOOP_ANALYSIS = YES;
				CLANG_WARN_STRICT_PROTOTYPES = YES;
				CLANG_WARN_SUSPICIOUS_MOVE = YES;
				CLANG_WARN_UNGUARDED_AVAILABILITY = YES_AGGRESSIVE;
				CLANG_WARN_UNREACHABLE_CODE = YES;
				CLANG_WARN__DUPLICATE_METHOD_MATCH = YES;
				COPY_PHASE_STRIP = NO;
				DEBUG_INFORMATION_FORMAT = "dwarf-with-dsym";
				ENABLE_NS_ASSERTIONS = NO;
				ENABLE_STRICT_OBJC_MSGSEND = YES;
				GCC_C_LANGUAGE_STANDARD = gnu11;
				GCC_NO_COMMON_BLOCKS = YES;
				GCC_WARN_64_TO_32_BIT_CONVERSION = YES;
				GCC_WARN_ABOUT_RETURN_TYPE = YES_ERROR;
				GCC_WARN_UNDECLARED_SELECTOR = YES;
				GCC_WARN_UNINITIALIZED_AUTOS = YES_AGGRESSIVE;
				GCC_WARN_UNUSED_FUNCTION = YES;
				GCC_WARN_UNUSED_VARIABLE = YES;
				MACOSX_DEPLOYMENT_TARGET = 10.15;
				MTL_ENABLE_DEBUG_INFO = NO;
				MTL_FAST_MATH = YES;
				SDKROOT = macosx;
				SWIFT_COMPILATION_MODE = wholemodule;
				SWIFT_OPTIMIZATION_LEVEL = "-O";
			};
			name = Release;
		};
		CB71277026051FB700FFE98F /* Debug */ = {
			isa = XCBuildConfiguration;
			buildSettings = {
				CODE_SIGN_STYLE = Automatic;
				DEVELOPMENT_TEAM = 8NQTCN3DXT;
				ENABLE_HARDENED_RUNTIME = YES;
				PRODUCT_NAME = "$(TARGET_NAME)";
				SWIFT_VERSION = 5.0;
			};
			name = Debug;
		};
		CB71277126051FB700FFE98F /* Release */ = {
			isa = XCBuildConfiguration;
			buildSettings = {
				CODE_SIGN_STYLE = Automatic;
				DEVELOPMENT_TEAM = 8NQTCN3DXT;
				ENABLE_HARDENED_RUNTIME = YES;
				PRODUCT_NAME = "$(TARGET_NAME)";
				SWIFT_VERSION = 5.0;
			};
			name = Release;
		};
		CBCCA33D260A1D17008C7EFD /* Debug */ = {
			isa = XCBuildConfiguration;
			buildSettings = {
				CODE_SIGN_STYLE = Automatic;
				DEVELOPMENT_TEAM = 8NQTCN3DXT;
				ENABLE_HARDENED_RUNTIME = YES;
				PRODUCT_NAME = "$(TARGET_NAME)";
				SWIFT_VERSION = 5.0;
			};
			name = Debug;
		};
		CBCCA33E260A1D17008C7EFD /* Release */ = {
			isa = XCBuildConfiguration;
			buildSettings = {
				CODE_SIGN_STYLE = Automatic;
				DEVELOPMENT_TEAM = 8NQTCN3DXT;
				ENABLE_HARDENED_RUNTIME = YES;
				PRODUCT_NAME = "$(TARGET_NAME)";
				SWIFT_VERSION = 5.0;
			};
			name = Release;
		};
/* End XCBuildConfiguration section */

/* Begin XCConfigurationList section */
		CB71276326051FB600FFE98F /* Build configuration list for PBXProject "Bubble Sort Day 11 Month 2" */ = {
			isa = XCConfigurationList;
			buildConfigurations = (
				CB71276D26051FB700FFE98F /* Debug */,
				CB71276E26051FB700FFE98F /* Release */,
			);
			defaultConfigurationIsVisible = 0;
			defaultConfigurationName = Release;
		};
		CB71276F26051FB700FFE98F /* Build configuration list for PBXNativeTarget "Bubble Sort Day 11 Month 2" */ = {
			isa = XCConfigurationList;
			buildConfigurations = (
				CB71277026051FB700FFE98F /* Debug */,
				CB71277126051FB700FFE98F /* Release */,
			);
			defaultConfigurationIsVisible = 0;
			defaultConfigurationName = Release;
		};
		CBCCA33F260A1D17008C7EFD /* Build configuration list for PBXNativeTarget "binarySearchAlogrithm" */ = {
			isa = XCConfigurationList;
			buildConfigurations = (
				CBCCA33D260A1D17008C7EFD /* Debug */,
				CBCCA33E260A1D17008C7EFD /* Release */,
			);
			defaultConfigurationIsVisible = 0;
			defaultConfigurationName = Release;
		};
/* End XCConfigurationList section */
	};
	rootObject = CB71276026051FB600FFE98F /* Project object */;
}
